{
  "name": "mia-project-js",
  "version": "1.0.0",
  "lockfileVersion": 1,
  "requires": true,
  "dependencies": {
    "fireworks-js": {
      "version": "2.10.0",
      "resolved": "https://registry.npmjs.org/fireworks-js/-/fireworks-js-2.10.0.tgz",
      "integrity": "sha512-SC5pGAwLDGo92FN9WmflM6fMB0vOyrTauUd/pn6rKIb0/NQ0z2R6CYqSQ4rxRl5qdHVdKbeYw01Wdnfd87ETTg=="
    },
    "three": {
      "version": "0.147.0",
      "resolved": "https://registry.npmjs.org/three/-/three-0.147.0.tgz",
      "integrity": "sha512-LPTOslYQXFkmvceQjFTNnVVli2LaVF6C99Pv34fJypp8NbQLbTlu3KinZ0zURghS5zEehK+VQyvWuPZ/Sm8fzw=="
    }
  }
}
